PODS:
  - Capacitor (7.0.1):
    - CapacitorCordova
  - CapacitorApp (7.0.0):
    - Capacitor
  - CapacitorBrowser (7.0.0):
    - Capacitor
  - CapacitorCordova (7.0.1)
  - CapacitorHaptics (7.0.0):
    - Capacitor
  - CapacitorKeyboard (7.0.0):
    - Capacitor
  - CryptoSwift (1.8.3)

DEPENDENCIES:
  - "Capacitor (from `../../../../../node_modules/@capacitor/ios`)"
  - "CapacitorApp (from `../../../../../node_modules/@capacitor/app`)"
  - "CapacitorBrowser (from `../../../../../node_modules/@capacitor/browser`)"
  - "CapacitorCordova (from `../../../../../node_modules/@capacitor/ios`)"
  - "CapacitorHaptics (from `../../../../../node_modules/@capacitor/haptics`)"
  - "CapacitorKeyboard (from `../../../../../node_modules/@capacitor/keyboard`)"
  - CryptoSwift (~> 1.8.3)

SPEC REPOS:
  trunk:
    - CryptoSwift

EXTERNAL SOURCES:
  Capacitor:
    :path: "../../../../../node_modules/@capacitor/ios"
  CapacitorApp:
    :path: "../../../../../node_modules/@capacitor/app"
  CapacitorBrowser:
    :path: "../../../../../node_modules/@capacitor/browser"
  CapacitorCordova:
    :path: "../../../../../node_modules/@capacitor/ios"
  CapacitorHaptics:
    :path: "../../../../../node_modules/@capacitor/haptics"
  CapacitorKeyboard:
    :path: "../../../../../node_modules/@capacitor/keyboard"

SPEC CHECKSUMS:
  Capacitor: de199cba6c8b20995428ad0b7cb0bc6ca625ffd4
  CapacitorApp: 9cb31064a6c6bb2b1438583733a7bf45557fc1da
  CapacitorBrowser: 55c21db47416dcc8fc3b623e18fd7d09acb26081
  CapacitorCordova: 63d476958d5022d76f197031e8b7ea3519988c64
  CapacitorHaptics: 7be406a91e4eb87287f321c6c68e1709d6837b3a
  CapacitorKeyboard: 4db71e694e7afb5d7c0be09b05495c19f7d6c914
  CryptoSwift: 967f37cea5a3294d9cce358f78861652155be483

PODFILE CHECKSUM: e0c0ccf027ea6d51e476f0baf9d44d97b9a90a4b

COCOAPODS: 1.16.2
